
Microsoft Visual Studio Solution File, Format Version 12.00
# Visual Studio 2012
Project("{FAE04EC0-301F-11D3-BF4B-00C04F79EFBC}") = "Travel", "mahmud\Travel.csproj", "{5630B1D7-F3FC-44DD-A01F-D74DAE8E8E26}"
EndProject
Global
	GlobalSection(SolutionConfigurationPlatforms) = preSolution
		Debug|Any CPU = Debug|Any CPU
		Release|Any CPU = Release|Any CPU
	EndGlobalSection
	GlobalSection(ProjectConfigurationPlatforms) = postSolution
		{5630B1D7-F3FC-44DD-A01F-D74DAE8E8E26}.Debug|Any CPU.ActiveCfg = Debug|Any CPU
		{5630B1D7-F3FC-44DD-A01F-D74DAE8E8E26}.Debug|Any CPU.Build.0 = Debug|Any CPU
		{5630B1D7-F3FC-44DD-A01F-D74DAE8E8E26}.Release|Any CPU.ActiveCfg = Release|Any CPU
		{5630B1D7-F3FC-44DD-A01F-D74DAE8E8E26}.Release|Any CPU.Build.0 = Release|Any CPU
	EndGlobalSection
	GlobalSection(SolutionProperties) = preSolution
		HideSolutionNode = FALSE
	EndGlobalSection
EndGlobal
